
Microsoft Visual Studio Solution File, Format Version 12.00
# Visual Studio Version 17
VisualStudioVersion = 17.14.36518.9 d17.14
MinimumVisualStudioVersion = 10.0.40219.1
Project("{FAE04EC0-301F-11D3-BF4B-00C04F79EFBC}") = "MoviesAPI", "MoviesAPI\MoviesAPI.csproj", "{63B81207-9EF7-424C-B67E-9B23A0EB4FCF}"
EndProject
Global
	GlobalSection(SolutionConfigurationPlatforms) = preSolution
		Debug|Any CPU = Debug|Any CPU
		Release|Any CPU = Release|Any CPU
	EndGlobalSection
	GlobalSection(ProjectConfigurationPlatforms) = postSolution
		{63B81207-9EF7-424C-B67E-9B23A0EB4FCF}.Debug|Any CPU.ActiveCfg = Debug|Any CPU
		{63B81207-9EF7-424C-B67E-9B23A0EB4FCF}.Debug|Any CPU.Build.0 = Debug|Any CPU
		{63B81207-9EF7-424C-B67E-9B23A0EB4FCF}.Release|Any CPU.ActiveCfg = Release|Any CPU
		{63B81207-9EF7-424C-B67E-9B23A0EB4FCF}.Release|Any CPU.Build.0 = Release|Any CPU
	EndGlobalSection
	GlobalSection(SolutionProperties) = preSolution
		HideSolutionNode = FALSE
	EndGlobalSection
	GlobalSection(ExtensibilityGlobals) = postSolution
		SolutionGuid = {F2A548F6-64A0-4FCC-87E7-3E6BAF361E2A}
	EndGlobalSection
EndGlobal
